{
  "nodes": {
    "nixpkgs": {
      "locked": {
        "lastModified": 1661628722,
        "narHash": "sha256-D3VuWLdnLmAXIkooWAtbTGSQI9Fc1lkvAr94wTxhnTU=",
        "owner": "NixOS",
        "repo": "nixpkgs",
        "rev": "48d63e924a2666baf37f4f14a18f19347fbd54a2",
        "type": "github"
      },
      "original": {
        "id": "nixpkgs",
        "ref": "nixos-unstable",
        "type": "indirect"
      }
    },
    "root": {
      "inputs": {
        "nixpkgs": "nixpkgs",
        "squiller": "squiller"
      }
    },
    "squiller": {
      "inputs": {
        "nixpkgs": [
          "nixpkgs"
        ]
      },
      "locked": {
        "lastModified": 1679141596,
        "narHash": "sha256-HbUO3Bh8Z2joOp5er1pIeXDLtpYE6thwW72teTlLD0I=",
        "owner": "ruuda",
        "repo": "squiller",
        "rev": "2a5964b025db4ba5e5785617036dd1473b8f8592",
        "type": "github"
      },
      "original": {
        "owner": "ruuda",
        "ref": "v0.3.0",
        "repo": "squiller",
        "type": "github"
      }
    }
  },
  "root": "root",
  "version": 7
}
