{
  "nodes": {
    "nixpkgs": {
      "locked": {
        "lastModified": 1661628722,
        "narHash": "sha256-D3VuWLdnLmAXIkooWAtbTGSQI9Fc1lkvAr94wTxhnTU=",
        "owner": "NixOS",
        "repo": "nixpkgs",
        "rev": "48d63e924a2666baf37f4f14a18f19347fbd54a2",
        "type": "github"
      },
      "original": {
        "id": "nixpkgs",
        "ref": "nixos-unstable",
        "type": "indirect"
      }
    },
    "nixpkgs_2": {
      "locked": {
        "lastModified": 1661628722,
        "narHash": "sha256-D3VuWLdnLmAXIkooWAtbTGSQI9Fc1lkvAr94wTxhnTU=",
        "owner": "NixOS",
        "repo": "nixpkgs",
        "rev": "48d63e924a2666baf37f4f14a18f19347fbd54a2",
        "type": "github"
      },
      "original": {
        "id": "nixpkgs",
        "ref": "nixos-unstable",
        "type": "indirect"
      }
    },
    "querybinder": {
      "inputs": {
        "nixpkgs": "nixpkgs_2"
      },
      "locked": {
        "lastModified": 1662928213,
        "narHash": "sha256-VmQ2ay+oGoiN63G/FK7a1z6jV/M8r7iyuDxqY1M7APk=",
        "owner": "ruuda",
        "repo": "querybinder",
        "rev": "1503199b00ffab7f5f3bb9ebbc7ee0f7cc6ece6a",
        "type": "github"
      },
      "original": {
        "owner": "ruuda",
        "repo": "querybinder",
        "type": "github"
      }
    },
    "root": {
      "inputs": {
        "nixpkgs": "nixpkgs",
        "querybinder": "querybinder"
      }
    }
  },
  "root": "root",
  "version": 7
}
