{
  "nodes": {
    "nixpkgs": {
      "locked": {
        "lastModified": 1661628722,
        "narHash": "sha256-D3VuWLdnLmAXIkooWAtbTGSQI9Fc1lkvAr94wTxhnTU=",
        "owner": "NixOS",
        "repo": "nixpkgs",
        "rev": "48d63e924a2666baf37f4f14a18f19347fbd54a2",
        "type": "github"
      },
      "original": {
        "id": "nixpkgs",
        "ref": "nixos-unstable",
        "type": "indirect"
      }
    },
    "nixpkgs_2": {
      "locked": {
        "lastModified": 1661628722,
        "narHash": "sha256-D3VuWLdnLmAXIkooWAtbTGSQI9Fc1lkvAr94wTxhnTU=",
        "owner": "NixOS",
        "repo": "nixpkgs",
        "rev": "48d63e924a2666baf37f4f14a18f19347fbd54a2",
        "type": "github"
      },
      "original": {
        "id": "nixpkgs",
        "ref": "nixos-unstable",
        "type": "indirect"
      }
    },
    "querybinder": {
      "inputs": {
        "nixpkgs": "nixpkgs_2"
      },
      "locked": {
        "lastModified": 1663012960,
        "narHash": "sha256-DQFK8oZ05s7TeamnorXOBjqWOwdw8PixELeoV7+NncA=",
        "owner": "ruuda",
        "repo": "querybinder",
        "rev": "cf1ee09f4670f809d4d9d53c13a41ffdfd962b8a",
        "type": "github"
      },
      "original": {
        "owner": "ruuda",
        "repo": "querybinder",
        "type": "github"
      }
    },
    "root": {
      "inputs": {
        "nixpkgs": "nixpkgs",
        "querybinder": "querybinder"
      }
    }
  },
  "root": "root",
  "version": 7
}
